
Microsoft Visual Studio Solution File, Format Version 12.00
# Visual Studio Version 16
VisualStudioVersion = 16.0.31019.35
MinimumVisualStudioVersion = 10.0.40219.1
Project("{FAE04EC0-301F-11D3-BF4B-00C04F79EFBC}") = "QuanLiSV", "QuanLiSV\QuanLiSV.csproj", "{ECC71119-7C09-4232-A2BB-F8FCACC7CD49}"
EndProject
Project("{2150E333-8FDC-42A3-9474-1A3956D46DE8}") = "Uploads", "Uploads", "{5D97B8AC-0938-4A43-AF88-1BE6927EF499}"
EndProject
Project("{2150E333-8FDC-42A3-9474-1A3956D46DE8}") = "ExcelFile", "ExcelFile", "{2C3DB879-C48F-44E6-B40A-464FC0EF4F58}"
EndProject
Global
	GlobalSection(SolutionConfigurationPlatforms) = preSolution
		Debug|Any CPU = Debug|Any CPU
		Release|Any CPU = Release|Any CPU
	EndGlobalSection
	GlobalSection(ProjectConfigurationPlatforms) = postSolution
		{ECC71119-7C09-4232-A2BB-F8FCACC7CD49}.Debug|Any CPU.ActiveCfg = Debug|Any CPU
		{ECC71119-7C09-4232-A2BB-F8FCACC7CD49}.Debug|Any CPU.Build.0 = Debug|Any CPU
		{ECC71119-7C09-4232-A2BB-F8FCACC7CD49}.Release|Any CPU.ActiveCfg = Release|Any CPU
		{ECC71119-7C09-4232-A2BB-F8FCACC7CD49}.Release|Any CPU.Build.0 = Release|Any CPU
	EndGlobalSection
	GlobalSection(SolutionProperties) = preSolution
		HideSolutionNode = FALSE
	EndGlobalSection
	GlobalSection(NestedProjects) = preSolution
		{2C3DB879-C48F-44E6-B40A-464FC0EF4F58} = {5D97B8AC-0938-4A43-AF88-1BE6927EF499}
	EndGlobalSection
	GlobalSection(ExtensibilityGlobals) = postSolution
		SolutionGuid = {4FC3FD7B-5C93-4105-BB24-0CEF15F00934}
	EndGlobalSection
EndGlobal
